
Microsoft Visual Studio Solution File, Format Version 12.00
# Visual Studio Version 17
VisualStudioVersion = 17.5.002.0
MinimumVisualStudioVersion = 10.0.40219.1
Project("{9A19103F-16F7-4668-BE54-9A1E7A4F7556}") = "ShowPrimeNumb", "ShowPrimeNumb.csproj", "{5F244CD2-1DCE-49EC-9F96-3154267AACBD}"
EndProject
Global
	GlobalSection(SolutionConfigurationPlatforms) = preSolution
		Debug|Any CPU = Debug|Any CPU
		Release|Any CPU = Release|Any CPU
	EndGlobalSection
	GlobalSection(ProjectConfigurationPlatforms) = postSolution
		{5F244CD2-1DCE-49EC-9F96-3154267AACBD}.Debug|Any CPU.ActiveCfg = Debug|Any CPU
		{5F244CD2-1DCE-49EC-9F96-3154267AACBD}.Debug|Any CPU.Build.0 = Debug|Any CPU
		{5F244CD2-1DCE-49EC-9F96-3154267AACBD}.Release|Any CPU.ActiveCfg = Release|Any CPU
		{5F244CD2-1DCE-49EC-9F96-3154267AACBD}.Release|Any CPU.Build.0 = Release|Any CPU
	EndGlobalSection
	GlobalSection(SolutionProperties) = preSolution
		HideSolutionNode = FALSE
	EndGlobalSection
	GlobalSection(ExtensibilityGlobals) = postSolution
		SolutionGuid = {6745B96B-5496-4D5E-9A69-B443CFE6ECC7}
	EndGlobalSection
EndGlobal
